# THIS IS AN AUTOGENERATED FILE. DO NOT EDIT THIS FILE DIRECTLY.
# yarn lockfile v1


"@graphprotocol/graph-ts@^0.27.0":
  version "0.27.0"
  resolved "https://registry.yarnpkg.com/@graphprotocol/graph-ts/-/graph-ts-0.27.0.tgz#948fe1716f6082964a01a63a19bcbf9ac44e06ff"
  integrity sha512-r1SPDIZVQiGMxcY8rhFSM0y7d/xAbQf5vHMWUf59js1KgoyWpM6P3tczZqmQd7JTmeyNsDGIPzd9FeaxllsU4w==
  dependencies:
    assemblyscript "0.19.10"

"@types/node@^18.7.15":
  version "18.16.19"
  resolved "https://registry.yarnpkg.com/@types/node/-/node-18.16.19.tgz#cb03fca8910fdeb7595b755126a8a78144714eea"
  integrity sha512-IXl7o+R9iti9eBW4Wg2hx1xQDig183jj7YLn8F7udNceyfkbn1ZxmzZXuak20gR40D7pIkIY1kYGx5VIGbaHKA==

assemblyscript@0.19.10:
  version "0.19.10"
  resolved "https://registry.yarnpkg.com/assemblyscript/-/assemblyscript-0.19.10.tgz#7ede6d99c797a219beb4fa4614c3eab9e6343c8e"
  integrity sha512-HavcUBXB3mBTRGJcpvaQjmnmaqKHBGREjSPNsIvnAk2f9dj78y4BkMaSSdvBQYWcDDzsHQjyUC8stICFkD1Odg==
  dependencies:
    binaryen "101.0.0-nightly.20210723"
    long "^4.0.0"

binaryen@101.0.0-nightly.20210723:
  version "101.0.0-nightly.20210723"
  resolved "https://registry.yarnpkg.com/binaryen/-/binaryen-101.0.0-nightly.20210723.tgz#b6bb7f3501341727681a03866c0856500eec3740"
  integrity sha512-eioJNqhHlkguVSbblHOtLqlhtC882SOEPKmNFZaDuz1hzQjolxZ+eu3/kaS10n3sGPONsIZsO7R9fR00UyhEUA==

long@^4.0.0:
  version "4.0.0"
  resolved "https://registry.yarnpkg.com/long/-/long-4.0.0.tgz#9a7b71cfb7d361a194ea555241c92f7468d5bf28"
  integrity sha512-XsP+KhQif4bjX1kbuSiySJFNAehNxgLb6hPRGJ9QsUr8ajHkuXGdrHmFUTUUXhDwVX2R5bY4JNZEwbUiMhV+MA==

typescript@^4.9.5:
  version "4.9.5"
  resolved "https://registry.yarnpkg.com/typescript/-/typescript-4.9.5.tgz#095979f9bcc0d09da324d58d03ce8f8374cbe65a"
  integrity sha512-1FXk9E2Hm+QzZQ7z+McJiHL4NW1F2EzMu9Nq9i3zAaGqibafqYwCVU6WyWAuyQRRzOlxou8xZSyXLEN8oKj24g==
